
Microsoft Visual Studio Solution File, Format Version 12.00
# Visual Studio 15
VisualStudioVersion = 15.0.27130.2027
MinimumVisualStudioVersion = 10.0.40219.1
Project("{FAE04EC0-301F-11D3-BF4B-00C04F79EFBC}") = "GeorentateTrueAPI", "GeorentateTrueAPI\GeorentateTrueAPI.csproj", "{1E6D8055-CF0F-4F04-9DB6-AA290A032708}"
EndProject
Project("{FAE04EC0-301F-11D3-BF4B-00C04F79EFBC}") = "ClassLibrary", "ClassLibrary\ClassLibrary.csproj", "{D50BCB36-E79A-4F3E-8191-615DD4765E8B}"
EndProject
Project("{FAE04EC0-301F-11D3-BF4B-00C04F79EFBC}") = "API", "API\API.csproj", "{F53BEC82-71D6-4DD6-9CE8-3C6BEA3D4D1C}"
EndProject
Global
	GlobalSection(SolutionConfigurationPlatforms) = preSolution
		Debug|Any CPU = Debug|Any CPU
		Release|Any CPU = Release|Any CPU
	EndGlobalSection
	GlobalSection(ProjectConfigurationPlatforms) = postSolution
		{1E6D8055-CF0F-4F04-9DB6-AA290A032708}.Debug|Any CPU.ActiveCfg = Debug|Any CPU
		{1E6D8055-CF0F-4F04-9DB6-AA290A032708}.Debug|Any CPU.Build.0 = Debug|Any CPU
		{1E6D8055-CF0F-4F04-9DB6-AA290A032708}.Release|Any CPU.ActiveCfg = Release|Any CPU
		{1E6D8055-CF0F-4F04-9DB6-AA290A032708}.Release|Any CPU.Build.0 = Release|Any CPU
		{D50BCB36-E79A-4F3E-8191-615DD4765E8B}.Debug|Any CPU.ActiveCfg = Debug|Any CPU
		{D50BCB36-E79A-4F3E-8191-615DD4765E8B}.Debug|Any CPU.Build.0 = Debug|Any CPU
		{D50BCB36-E79A-4F3E-8191-615DD4765E8B}.Release|Any CPU.ActiveCfg = Release|Any CPU
		{D50BCB36-E79A-4F3E-8191-615DD4765E8B}.Release|Any CPU.Build.0 = Release|Any CPU
		{F53BEC82-71D6-4DD6-9CE8-3C6BEA3D4D1C}.Debug|Any CPU.ActiveCfg = Debug|Any CPU
		{F53BEC82-71D6-4DD6-9CE8-3C6BEA3D4D1C}.Debug|Any CPU.Build.0 = Debug|Any CPU
		{F53BEC82-71D6-4DD6-9CE8-3C6BEA3D4D1C}.Release|Any CPU.ActiveCfg = Release|Any CPU
		{F53BEC82-71D6-4DD6-9CE8-3C6BEA3D4D1C}.Release|Any CPU.Build.0 = Release|Any CPU
	EndGlobalSection
	GlobalSection(SolutionProperties) = preSolution
		HideSolutionNode = FALSE
	EndGlobalSection
	GlobalSection(ExtensibilityGlobals) = postSolution
		SolutionGuid = {1F2082B9-F404-4DAB-8146-9E83DA45CB0A}
	EndGlobalSection
EndGlobal
